
Microsoft Visual Studio Solution File, Format Version 12.00
# Visual Studio Version 17
VisualStudioVersion = 17.5.002.0
MinimumVisualStudioVersion = 10.0.40219.1
Project("{2150E333-8FDC-42A3-9474-1A3956D46DE8}") = "prepare", "prepare", "{B55C8AF9-4B09-4D38-B624-33F0CD7F2AD5}"
EndProject
Project("{9A19103F-16F7-4668-BE54-9A1E7A4F7556}") = "Learning02", "prepare\Learning02\Learning02.csproj", "{08DDC9C8-5E60-4877-A234-37C5ACA28981}"
EndProject
Project("{9A19103F-16F7-4668-BE54-9A1E7A4F7556}") = "Learning05", "prepare\Learning05\Learning05.csproj", "{556F8534-30B1-4FCA-A8E4-86626887DA58}"
EndProject
Project("{9A19103F-16F7-4668-BE54-9A1E7A4F7556}") = "Learning04", "prepare\Learning04\Learning04.csproj", "{C29BC889-0498-4B4A-8198-F9437EF16DB1}"
EndProject
Project("{9A19103F-16F7-4668-BE54-9A1E7A4F7556}") = "Learning03", "prepare\Learning03\Learning03.csproj", "{8E8FC9B2-9E5F-4A39-8658-28DE6822537A}"
EndProject
Project("{2150E333-8FDC-42A3-9474-1A3956D46DE8}") = "prove", "prove", "{4A351216-D038-4246-8081-86F2404196D2}"
EndProject
Project("{9A19103F-16F7-4668-BE54-9A1E7A4F7556}") = "Develop03", "prove\Develop03\Develop03.csproj", "{85A45D23-9017-472D-A3A5-5E0CCA75DE37}"
EndProject
Project("{9A19103F-16F7-4668-BE54-9A1E7A4F7556}") = "Develop04", "prove\Develop04\Develop04.csproj", "{87CED304-05F2-4854-9A3C-8758E9ACF1CC}"
EndProject
Project("{9A19103F-16F7-4668-BE54-9A1E7A4F7556}") = "Develop05", "prove\Develop05\Develop05.csproj", "{76EFDC5D-2890-4A28-8E7A-93CF9EAB751C}"
EndProject
Project("{9A19103F-16F7-4668-BE54-9A1E7A4F7556}") = "Develop02", "prove\Develop02\Develop02.csproj", "{9A27DA37-CDCA-4671-9378-F5DE9478F7C8}"
EndProject
Project("{2150E333-8FDC-42A3-9474-1A3956D46DE8}") = "sandbox", "sandbox", "{EE6B09A0-032D-404D-9607-977E1E7E890B}"
EndProject
Project("{9A19103F-16F7-4668-BE54-9A1E7A4F7556}") = "Sandbox", "sandbox\Sandbox\Sandbox.csproj", "{F8AFD423-0AF8-47A4-9EF3-0C19076116E3}"
EndProject
Project("{2150E333-8FDC-42A3-9474-1A3956D46DE8}") = "final", "final", "{7460B2E3-D731-4CC7-8173-11BB95634DBE}"
EndProject
Project("{9A19103F-16F7-4668-BE54-9A1E7A4F7556}") = "FinalProject", "final\FinalProject\FinalProject.csproj", "{E303B4B8-72F6-4D7E-BCC6-0B8992AF483A}"
EndProject
Project("{9A19103F-16F7-4668-BE54-9A1E7A4F7556}") = "Foundation1", "final\Foundation1\Foundation1.csproj", "{6AD6FBDC-40CA-4F64-A5C9-4218790D8247}"
EndProject
Project("{9A19103F-16F7-4668-BE54-9A1E7A4F7556}") = "Foundation4", "final\Foundation4\Foundation4.csproj", "{21B37EA6-243C-4CCD-8369-F1B9A1E372A3}"
EndProject
Project("{9A19103F-16F7-4668-BE54-9A1E7A4F7556}") = "Foundation3", "final\Foundation3\Foundation3.csproj", "{174D203D-D7F1-4953-AAC7-39737B2E9207}"
EndProject
Project("{9A19103F-16F7-4668-BE54-9A1E7A4F7556}") = "Foundation2", "final\Foundation2\Foundation2.csproj", "{31510674-BA1C-4BC6-BC7A-3A25A28277C3}"
EndProject
Project("{2150E333-8FDC-42A3-9474-1A3956D46DE8}") = "csharp-prep", "csharp-prep", "{EFB41B8C-D043-4B78-889F-5A44AEE57711}"
EndProject
Project("{9A19103F-16F7-4668-BE54-9A1E7A4F7556}") = "Prep1", "csharp-prep\Prep1\Prep1.csproj", "{EAFB4DD4-7440-4898-B4ED-0B334C59EC6C}"
EndProject
Project("{9A19103F-16F7-4668-BE54-9A1E7A4F7556}") = "Prep5", "csharp-prep\Prep5\Prep5.csproj", "{6064989B-6DFB-49B7-BDDF-2AA9F2679CED}"
EndProject
Project("{9A19103F-16F7-4668-BE54-9A1E7A4F7556}") = "Prep2", "csharp-prep\Prep2\Prep2.csproj", "{4B3EBC7D-2AC8-4496-B954-AFF5E5C26F95}"
EndProject
Project("{9A19103F-16F7-4668-BE54-9A1E7A4F7556}") = "Prep3", "csharp-prep\Prep3\Prep3.csproj", "{04427A6F-BDF5-4BD9-9E54-8CBD81C6AAFE}"
EndProject
Project("{9A19103F-16F7-4668-BE54-9A1E7A4F7556}") = "Prep4", "csharp-prep\Prep4\Prep4.csproj", "{0023E283-3CA9-4F8B-A7A1-A58417BB61CE}"
EndProject
Global
	GlobalSection(SolutionConfigurationPlatforms) = preSolution
		Debug|Any CPU = Debug|Any CPU
		Release|Any CPU = Release|Any CPU
	EndGlobalSection
	GlobalSection(ProjectConfigurationPlatforms) = postSolution
		{08DDC9C8-5E60-4877-A234-37C5ACA28981}.Debug|Any CPU.ActiveCfg = Debug|Any CPU
		{08DDC9C8-5E60-4877-A234-37C5ACA28981}.Debug|Any CPU.Build.0 = Debug|Any CPU
		{08DDC9C8-5E60-4877-A234-37C5ACA28981}.Release|Any CPU.ActiveCfg = Release|Any CPU
		{08DDC9C8-5E60-4877-A234-37C5ACA28981}.Release|Any CPU.Build.0 = Release|Any CPU
		{556F8534-30B1-4FCA-A8E4-86626887DA58}.Debug|Any CPU.ActiveCfg = Debug|Any CPU
		{556F8534-30B1-4FCA-A8E4-86626887DA58}.Debug|Any CPU.Build.0 = Debug|Any CPU
		{556F8534-30B1-4FCA-A8E4-86626887DA58}.Release|Any CPU.ActiveCfg = Release|Any CPU
		{556F8534-30B1-4FCA-A8E4-86626887DA58}.Release|Any CPU.Build.0 = Release|Any CPU
		{C29BC889-0498-4B4A-8198-F9437EF16DB1}.Debug|Any CPU.ActiveCfg = Debug|Any CPU
		{C29BC889-0498-4B4A-8198-F9437EF16DB1}.Debug|Any CPU.Build.0 = Debug|Any CPU
		{C29BC889-0498-4B4A-8198-F9437EF16DB1}.Release|Any CPU.ActiveCfg = Release|Any CPU
		{C29BC889-0498-4B4A-8198-F9437EF16DB1}.Release|Any CPU.Build.0 = Release|Any CPU
		{8E8FC9B2-9E5F-4A39-8658-28DE6822537A}.Debug|Any CPU.ActiveCfg = Debug|Any CPU
		{8E8FC9B2-9E5F-4A39-8658-28DE6822537A}.Debug|Any CPU.Build.0 = Debug|Any CPU
		{8E8FC9B2-9E5F-4A39-8658-28DE6822537A}.Release|Any CPU.ActiveCfg = Release|Any CPU
		{8E8FC9B2-9E5F-4A39-8658-28DE6822537A}.Release|Any CPU.Build.0 = Release|Any CPU
		{85A45D23-9017-472D-A3A5-5E0CCA75DE37}.Debug|Any CPU.ActiveCfg = Debug|Any CPU
		{85A45D23-9017-472D-A3A5-5E0CCA75DE37}.Debug|Any CPU.Build.0 = Debug|Any CPU
		{85A45D23-9017-472D-A3A5-5E0CCA75DE37}.Release|Any CPU.ActiveCfg = Release|Any CPU
		{85A45D23-9017-472D-A3A5-5E0CCA75DE37}.Release|Any CPU.Build.0 = Release|Any CPU
		{87CED304-05F2-4854-9A3C-8758E9ACF1CC}.Debug|Any CPU.ActiveCfg = Debug|Any CPU
		{87CED304-05F2-4854-9A3C-8758E9ACF1CC}.Debug|Any CPU.Build.0 = Debug|Any CPU
		{87CED304-05F2-4854-9A3C-8758E9ACF1CC}.Release|Any CPU.ActiveCfg = Release|Any CPU
		{87CED304-05F2-4854-9A3C-8758E9ACF1CC}.Release|Any CPU.Build.0 = Release|Any CPU
		{76EFDC5D-2890-4A28-8E7A-93CF9EAB751C}.Debug|Any CPU.ActiveCfg = Debug|Any CPU
		{76EFDC5D-2890-4A28-8E7A-93CF9EAB751C}.Debug|Any CPU.Build.0 = Debug|Any CPU
		{76EFDC5D-2890-4A28-8E7A-93CF9EAB751C}.Release|Any CPU.ActiveCfg = Release|Any CPU
		{76EFDC5D-2890-4A28-8E7A-93CF9EAB751C}.Release|Any CPU.Build.0 = Release|Any CPU
		{9A27DA37-CDCA-4671-9378-F5DE9478F7C8}.Debug|Any CPU.ActiveCfg = Debug|Any CPU
		{9A27DA37-CDCA-4671-9378-F5DE9478F7C8}.Debug|Any CPU.Build.0 = Debug|Any CPU
		{9A27DA37-CDCA-4671-9378-F5DE9478F7C8}.Release|Any CPU.ActiveCfg = Release|Any CPU
		{9A27DA37-CDCA-4671-9378-F5DE9478F7C8}.Release|Any CPU.Build.0 = Release|Any CPU
		{F8AFD423-0AF8-47A4-9EF3-0C19076116E3}.Debug|Any CPU.ActiveCfg = Debug|Any CPU
		{F8AFD423-0AF8-47A4-9EF3-0C19076116E3}.Debug|Any CPU.Build.0 = Debug|Any CPU
		{F8AFD423-0AF8-47A4-9EF3-0C19076116E3}.Release|Any CPU.ActiveCfg = Release|Any CPU
		{F8AFD423-0AF8-47A4-9EF3-0C19076116E3}.Release|Any CPU.Build.0 = Release|Any CPU
		{E303B4B8-72F6-4D7E-BCC6-0B8992AF483A}.Debug|Any CPU.ActiveCfg = Debug|Any CPU
		{E303B4B8-72F6-4D7E-BCC6-0B8992AF483A}.Debug|Any CPU.Build.0 = Debug|Any CPU
		{E303B4B8-72F6-4D7E-BCC6-0B8992AF483A}.Release|Any CPU.ActiveCfg = Release|Any CPU
		{E303B4B8-72F6-4D7E-BCC6-0B8992AF483A}.Release|Any CPU.Build.0 = Release|Any CPU
		{6AD6FBDC-40CA-4F64-A5C9-4218790D8247}.Debug|Any CPU.ActiveCfg = Debug|Any CPU
		{6AD6FBDC-40CA-4F64-A5C9-4218790D8247}.Debug|Any CPU.Build.0 = Debug|Any CPU
		{6AD6FBDC-40CA-4F64-A5C9-4218790D8247}.Release|Any CPU.ActiveCfg = Release|Any CPU
		{6AD6FBDC-40CA-4F64-A5C9-4218790D8247}.Release|Any CPU.Build.0 = Release|Any CPU
		{21B37EA6-243C-4CCD-8369-F1B9A1E372A3}.Debug|Any CPU.ActiveCfg = Debug|Any CPU
		{21B37EA6-243C-4CCD-8369-F1B9A1E372A3}.Debug|Any CPU.Build.0 = Debug|Any CPU
		{21B37EA6-243C-4CCD-8369-F1B9A1E372A3}.Release|Any CPU.ActiveCfg = Release|Any CPU
		{21B37EA6-243C-4CCD-8369-F1B9A1E372A3}.Release|Any CPU.Build.0 = Release|Any CPU
		{174D203D-D7F1-4953-AAC7-39737B2E9207}.Debug|Any CPU.ActiveCfg = Debug|Any CPU
		{174D203D-D7F1-4953-AAC7-39737B2E9207}.Debug|Any CPU.Build.0 = Debug|Any CPU
		{174D203D-D7F1-4953-AAC7-39737B2E9207}.Release|Any CPU.ActiveCfg = Release|Any CPU
		{174D203D-D7F1-4953-AAC7-39737B2E9207}.Release|Any CPU.Build.0 = Release|Any CPU
		{31510674-BA1C-4BC6-BC7A-3A25A28277C3}.Debug|Any CPU.ActiveCfg = Debug|Any CPU
		{31510674-BA1C-4BC6-BC7A-3A25A28277C3}.Debug|Any CPU.Build.0 = Debug|Any CPU
		{31510674-BA1C-4BC6-BC7A-3A25A28277C3}.Release|Any CPU.ActiveCfg = Release|Any CPU
		{31510674-BA1C-4BC6-BC7A-3A25A28277C3}.Release|Any CPU.Build.0 = Release|Any CPU
		{EAFB4DD4-7440-4898-B4ED-0B334C59EC6C}.Debug|Any CPU.ActiveCfg = Debug|Any CPU
		{EAFB4DD4-7440-4898-B4ED-0B334C59EC6C}.Debug|Any CPU.Build.0 = Debug|Any CPU
		{EAFB4DD4-7440-4898-B4ED-0B334C59EC6C}.Release|Any CPU.ActiveCfg = Release|Any CPU
		{EAFB4DD4-7440-4898-B4ED-0B334C59EC6C}.Release|Any CPU.Build.0 = Release|Any CPU
		{6064989B-6DFB-49B7-BDDF-2AA9F2679CED}.Debug|Any CPU.ActiveCfg = Debug|Any CPU
		{6064989B-6DFB-49B7-BDDF-2AA9F2679CED}.Debug|Any CPU.Build.0 = Debug|Any CPU
		{6064989B-6DFB-49B7-BDDF-2AA9F2679CED}.Release|Any CPU.ActiveCfg = Release|Any CPU
		{6064989B-6DFB-49B7-BDDF-2AA9F2679CED}.Release|Any CPU.Build.0 = Release|Any CPU
		{4B3EBC7D-2AC8-4496-B954-AFF5E5C26F95}.Debug|Any CPU.ActiveCfg = Debug|Any CPU
		{4B3EBC7D-2AC8-4496-B954-AFF5E5C26F95}.Debug|Any CPU.Build.0 = Debug|Any CPU
		{4B3EBC7D-2AC8-4496-B954-AFF5E5C26F95}.Release|Any CPU.ActiveCfg = Release|Any CPU
		{4B3EBC7D-2AC8-4496-B954-AFF5E5C26F95}.Release|Any CPU.Build.0 = Release|Any CPU
		{04427A6F-BDF5-4BD9-9E54-8CBD81C6AAFE}.Debug|Any CPU.ActiveCfg = Debug|Any CPU
		{04427A6F-BDF5-4BD9-9E54-8CBD81C6AAFE}.Debug|Any CPU.Build.0 = Debug|Any CPU
		{04427A6F-BDF5-4BD9-9E54-8CBD81C6AAFE}.Release|Any CPU.ActiveCfg = Release|Any CPU
		{04427A6F-BDF5-4BD9-9E54-8CBD81C6AAFE}.Release|Any CPU.Build.0 = Release|Any CPU
		{0023E283-3CA9-4F8B-A7A1-A58417BB61CE}.Debug|Any CPU.ActiveCfg = Debug|Any CPU
		{0023E283-3CA9-4F8B-A7A1-A58417BB61CE}.Debug|Any CPU.Build.0 = Debug|Any CPU
		{0023E283-3CA9-4F8B-A7A1-A58417BB61CE}.Release|Any CPU.ActiveCfg = Release|Any CPU
		{0023E283-3CA9-4F8B-A7A1-A58417BB61CE}.Release|Any CPU.Build.0 = Release|Any CPU
	EndGlobalSection
	GlobalSection(SolutionProperties) = preSolution
		HideSolutionNode = FALSE
	EndGlobalSection
	GlobalSection(NestedProjects) = preSolution
		{08DDC9C8-5E60-4877-A234-37C5ACA28981} = {B55C8AF9-4B09-4D38-B624-33F0CD7F2AD5}
		{556F8534-30B1-4FCA-A8E4-86626887DA58} = {B55C8AF9-4B09-4D38-B624-33F0CD7F2AD5}
		{C29BC889-0498-4B4A-8198-F9437EF16DB1} = {B55C8AF9-4B09-4D38-B624-33F0CD7F2AD5}
		{8E8FC9B2-9E5F-4A39-8658-28DE6822537A} = {B55C8AF9-4B09-4D38-B624-33F0CD7F2AD5}
		{85A45D23-9017-472D-A3A5-5E0CCA75DE37} = {4A351216-D038-4246-8081-86F2404196D2}
		{87CED304-05F2-4854-9A3C-8758E9ACF1CC} = {4A351216-D038-4246-8081-86F2404196D2}
		{76EFDC5D-2890-4A28-8E7A-93CF9EAB751C} = {4A351216-D038-4246-8081-86F2404196D2}
		{9A27DA37-CDCA-4671-9378-F5DE9478F7C8} = {4A351216-D038-4246-8081-86F2404196D2}
		{F8AFD423-0AF8-47A4-9EF3-0C19076116E3} = {EE6B09A0-032D-404D-9607-977E1E7E890B}
		{E303B4B8-72F6-4D7E-BCC6-0B8992AF483A} = {7460B2E3-D731-4CC7-8173-11BB95634DBE}
		{6AD6FBDC-40CA-4F64-A5C9-4218790D8247} = {7460B2E3-D731-4CC7-8173-11BB95634DBE}
		{21B37EA6-243C-4CCD-8369-F1B9A1E372A3} = {7460B2E3-D731-4CC7-8173-11BB95634DBE}
		{174D203D-D7F1-4953-AAC7-39737B2E9207} = {7460B2E3-D731-4CC7-8173-11BB95634DBE}
		{31510674-BA1C-4BC6-BC7A-3A25A28277C3} = {7460B2E3-D731-4CC7-8173-11BB95634DBE}
		{EAFB4DD4-7440-4898-B4ED-0B334C59EC6C} = {EFB41B8C-D043-4B78-889F-5A44AEE57711}
		{6064989B-6DFB-49B7-BDDF-2AA9F2679CED} = {EFB41B8C-D043-4B78-889F-5A44AEE57711}
		{4B3EBC7D-2AC8-4496-B954-AFF5E5C26F95} = {EFB41B8C-D043-4B78-889F-5A44AEE57711}
		{04427A6F-BDF5-4BD9-9E54-8CBD81C6AAFE} = {EFB41B8C-D043-4B78-889F-5A44AEE57711}
		{0023E283-3CA9-4F8B-A7A1-A58417BB61CE} = {EFB41B8C-D043-4B78-889F-5A44AEE57711}
	EndGlobalSection
	GlobalSection(ExtensibilityGlobals) = postSolution
		SolutionGuid = {E3A89A5F-9FFB-46C1-AA34-754D4DE1BD98}
	EndGlobalSection
EndGlobal
